
Microsoft Visual Studio Solution File, Format Version 12.00
# Visual Studio 15
Project("{FAE04EC0-301F-11D3-BF4B-00C04F79EFBC}") = "TestCustomContentView.Android", "TestCustomContentView.Android\TestCustomContentView.Android.csproj", "{EE888281-0F4D-4080-8ABB-4471719FBEC2}"
EndProject
Project("{FAE04EC0-301F-11D3-BF4B-00C04F79EFBC}") = "TestCustomContentView.iOS", "TestCustomContentView.iOS\TestCustomContentView.iOS.csproj", "{C4B4FD47-0B3F-4B63-B1E1-9913DFA58FBA}"
EndProject
Project("{FAE04EC0-301F-11D3-BF4B-00C04F79EFBC}") = "TestCustomContentView", "TestCustomContentView\TestCustomContentView.csproj", "{C60795AA-98CB-4AE8-B09F-BB961B62640D}"
EndProject
Global
	GlobalSection(SolutionConfigurationPlatforms) = preSolution
		Debug|Any CPU = Debug|Any CPU
		Release|Any CPU = Release|Any CPU
		Debug|iPhoneSimulator = Debug|iPhoneSimulator
		Release|iPhoneSimulator = Release|iPhoneSimulator
		Debug|iPhone = Debug|iPhone
		Release|iPhone = Release|iPhone
	EndGlobalSection
	GlobalSection(ProjectConfigurationPlatforms) = postSolution
		{EE888281-0F4D-4080-8ABB-4471719FBEC2}.Debug|Any CPU.ActiveCfg = Debug|Any CPU
		{EE888281-0F4D-4080-8ABB-4471719FBEC2}.Debug|Any CPU.Build.0 = Debug|Any CPU
		{EE888281-0F4D-4080-8ABB-4471719FBEC2}.Release|Any CPU.ActiveCfg = Release|Any CPU
		{EE888281-0F4D-4080-8ABB-4471719FBEC2}.Release|Any CPU.Build.0 = Release|Any CPU
		{EE888281-0F4D-4080-8ABB-4471719FBEC2}.Debug|iPhoneSimulator.ActiveCfg = Debug|Any CPU
		{EE888281-0F4D-4080-8ABB-4471719FBEC2}.Debug|iPhoneSimulator.Build.0 = Debug|Any CPU
		{EE888281-0F4D-4080-8ABB-4471719FBEC2}.Release|iPhoneSimulator.ActiveCfg = Release|Any CPU
		{EE888281-0F4D-4080-8ABB-4471719FBEC2}.Release|iPhoneSimulator.Build.0 = Release|Any CPU
		{EE888281-0F4D-4080-8ABB-4471719FBEC2}.Debug|iPhone.ActiveCfg = Debug|Any CPU
		{EE888281-0F4D-4080-8ABB-4471719FBEC2}.Debug|iPhone.Build.0 = Debug|Any CPU
		{EE888281-0F4D-4080-8ABB-4471719FBEC2}.Release|iPhone.ActiveCfg = Release|Any CPU
		{EE888281-0F4D-4080-8ABB-4471719FBEC2}.Release|iPhone.Build.0 = Release|Any CPU
		{C4B4FD47-0B3F-4B63-B1E1-9913DFA58FBA}.Debug|Any CPU.ActiveCfg = Debug|iPhoneSimulator
		{C4B4FD47-0B3F-4B63-B1E1-9913DFA58FBA}.Debug|Any CPU.Build.0 = Debug|iPhoneSimulator
		{C4B4FD47-0B3F-4B63-B1E1-9913DFA58FBA}.Release|Any CPU.ActiveCfg = Release|iPhoneSimulator
		{C4B4FD47-0B3F-4B63-B1E1-9913DFA58FBA}.Release|Any CPU.Build.0 = Release|iPhoneSimulator
		{C4B4FD47-0B3F-4B63-B1E1-9913DFA58FBA}.Debug|iPhoneSimulator.ActiveCfg = Debug|iPhoneSimulator
		{C4B4FD47-0B3F-4B63-B1E1-9913DFA58FBA}.Debug|iPhoneSimulator.Build.0 = Debug|iPhoneSimulator
		{C4B4FD47-0B3F-4B63-B1E1-9913DFA58FBA}.Release|iPhoneSimulator.ActiveCfg = Release|iPhoneSimulator
		{C4B4FD47-0B3F-4B63-B1E1-9913DFA58FBA}.Release|iPhoneSimulator.Build.0 = Release|iPhoneSimulator
		{C4B4FD47-0B3F-4B63-B1E1-9913DFA58FBA}.Debug|iPhone.ActiveCfg = Debug|iPhone
		{C4B4FD47-0B3F-4B63-B1E1-9913DFA58FBA}.Debug|iPhone.Build.0 = Debug|iPhone
		{C4B4FD47-0B3F-4B63-B1E1-9913DFA58FBA}.Release|iPhone.ActiveCfg = Release|iPhone
		{C4B4FD47-0B3F-4B63-B1E1-9913DFA58FBA}.Release|iPhone.Build.0 = Release|iPhone
		{C60795AA-98CB-4AE8-B09F-BB961B62640D}.Debug|Any CPU.ActiveCfg = Debug|Any CPU
		{C60795AA-98CB-4AE8-B09F-BB961B62640D}.Debug|Any CPU.Build.0 = Debug|Any CPU
		{C60795AA-98CB-4AE8-B09F-BB961B62640D}.Release|Any CPU.ActiveCfg = Release|Any CPU
		{C60795AA-98CB-4AE8-B09F-BB961B62640D}.Release|Any CPU.Build.0 = Release|Any CPU
		{C60795AA-98CB-4AE8-B09F-BB961B62640D}.Debug|iPhoneSimulator.ActiveCfg = Debug|Any CPU
		{C60795AA-98CB-4AE8-B09F-BB961B62640D}.Debug|iPhoneSimulator.Build.0 = Debug|Any CPU
		{C60795AA-98CB-4AE8-B09F-BB961B62640D}.Release|iPhoneSimulator.ActiveCfg = Release|Any CPU
		{C60795AA-98CB-4AE8-B09F-BB961B62640D}.Release|iPhoneSimulator.Build.0 = Release|Any CPU
		{C60795AA-98CB-4AE8-B09F-BB961B62640D}.Debug|iPhone.ActiveCfg = Debug|Any CPU
		{C60795AA-98CB-4AE8-B09F-BB961B62640D}.Debug|iPhone.Build.0 = Debug|Any CPU
		{C60795AA-98CB-4AE8-B09F-BB961B62640D}.Release|iPhone.ActiveCfg = Release|Any CPU
		{C60795AA-98CB-4AE8-B09F-BB961B62640D}.Release|iPhone.Build.0 = Release|Any CPU
	EndGlobalSection
EndGlobal
